
Microsoft Visual Studio Solution File, Format Version 12.00
# Visual Studio Version 17
VisualStudioVersion = 17.9.34728.123
MinimumVisualStudioVersion = 10.0.40219.1
Project("{9A19103F-16F7-4668-BE54-9A1E7A4F7556}") = "ProjectTemplate.Api", "ProjectTemplate.Api\ProjectTemplate.Api.csproj", "{A39627F2-F581-4854-B529-C70DF9FCA930}"
EndProject
Project("{9A19103F-16F7-4668-BE54-9A1E7A4F7556}") = "ProjectTemplate.Infrastructure", "ProjectTemplate.Infrastructure\ProjectTemplate.Infrastructure.csproj", "{2B337FA5-7EFA-4EEB-BE86-A8D57BE6513D}"
EndProject
Project("{9A19103F-16F7-4668-BE54-9A1E7A4F7556}") = "ProjectTemplate.Model", "ProjectTemplate.Model\ProjectTemplate.Model.csproj", "{0D95A1E7-BC7F-4C1C-9F08-EC528EC32BBF}"
EndProject
Project("{9A19103F-16F7-4668-BE54-9A1E7A4F7556}") = "ProjectTemplate.Service", "ProjectTemplate.Service\ProjectTemplate.Service.csproj", "{D26F6DD7-5BB5-4442-994E-DB4F31B62296}"
EndProject
Project("{9A19103F-16F7-4668-BE54-9A1E7A4F7556}") = "ProjectTemplate.Repository", "ProjectTemplate.Repository\ProjectTemplate.Repository.csproj", "{1BDD9A39-2545-40F3-9D13-37FC1DD424D0}"
EndProject
Project("{9A19103F-16F7-4668-BE54-9A1E7A4F7556}") = "ProjectTemplate.Common", "ProjectTemplate.Common\ProjectTemplate.Common.csproj", "{699A79B3-CE0C-4C36-9349-FBE00155CD80}"
EndProject
Project("{9A19103F-16F7-4668-BE54-9A1E7A4F7556}") = "ProjectTemplate.CronJob", "ProjectTemplate.CronJob\ProjectTemplate.CronJob.csproj", "{C16E0C90-9AC6-4A9A-AF5B-4579C91149F4}"
EndProject
Project("{9A19103F-16F7-4668-BE54-9A1E7A4F7556}") = "ProjectTemplate.Service.Test", "ProjectTemplate.Service.Test\ProjectTemplate.Service.Test.csproj", "{87FF624A-1C4E-41C1-B7F0-FCFC84D67358}"
EndProject
Project("{FAE04EC0-301F-11D3-BF4B-00C04F79EFBC}") = "ProjectTemplate.Worker", "ProjectTemplate.Worker\ProjectTemplate.Worker.csproj", "{1D18FCA4-6936-46E6-A674-F188D4101B1A}"
EndProject
Global
	GlobalSection(SolutionConfigurationPlatforms) = preSolution
		Debug|Any CPU = Debug|Any CPU
		Release|Any CPU = Release|Any CPU
	EndGlobalSection
	GlobalSection(ProjectConfigurationPlatforms) = postSolution
		{A39627F2-F581-4854-B529-C70DF9FCA930}.Debug|Any CPU.ActiveCfg = Debug|Any CPU
		{A39627F2-F581-4854-B529-C70DF9FCA930}.Debug|Any CPU.Build.0 = Debug|Any CPU
		{A39627F2-F581-4854-B529-C70DF9FCA930}.Release|Any CPU.ActiveCfg = Release|Any CPU
		{A39627F2-F581-4854-B529-C70DF9FCA930}.Release|Any CPU.Build.0 = Release|Any CPU
		{2B337FA5-7EFA-4EEB-BE86-A8D57BE6513D}.Debug|Any CPU.ActiveCfg = Debug|Any CPU
		{2B337FA5-7EFA-4EEB-BE86-A8D57BE6513D}.Debug|Any CPU.Build.0 = Debug|Any CPU
		{2B337FA5-7EFA-4EEB-BE86-A8D57BE6513D}.Release|Any CPU.ActiveCfg = Release|Any CPU
		{2B337FA5-7EFA-4EEB-BE86-A8D57BE6513D}.Release|Any CPU.Build.0 = Release|Any CPU
		{0D95A1E7-BC7F-4C1C-9F08-EC528EC32BBF}.Debug|Any CPU.ActiveCfg = Debug|Any CPU
		{0D95A1E7-BC7F-4C1C-9F08-EC528EC32BBF}.Debug|Any CPU.Build.0 = Debug|Any CPU
		{0D95A1E7-BC7F-4C1C-9F08-EC528EC32BBF}.Release|Any CPU.ActiveCfg = Release|Any CPU
		{0D95A1E7-BC7F-4C1C-9F08-EC528EC32BBF}.Release|Any CPU.Build.0 = Release|Any CPU
		{D26F6DD7-5BB5-4442-994E-DB4F31B62296}.Debug|Any CPU.ActiveCfg = Debug|Any CPU
		{D26F6DD7-5BB5-4442-994E-DB4F31B62296}.Debug|Any CPU.Build.0 = Debug|Any CPU
		{D26F6DD7-5BB5-4442-994E-DB4F31B62296}.Release|Any CPU.ActiveCfg = Release|Any CPU
		{D26F6DD7-5BB5-4442-994E-DB4F31B62296}.Release|Any CPU.Build.0 = Release|Any CPU
		{1BDD9A39-2545-40F3-9D13-37FC1DD424D0}.Debug|Any CPU.ActiveCfg = Debug|Any CPU
		{1BDD9A39-2545-40F3-9D13-37FC1DD424D0}.Debug|Any CPU.Build.0 = Debug|Any CPU
		{1BDD9A39-2545-40F3-9D13-37FC1DD424D0}.Release|Any CPU.ActiveCfg = Release|Any CPU
		{1BDD9A39-2545-40F3-9D13-37FC1DD424D0}.Release|Any CPU.Build.0 = Release|Any CPU
		{699A79B3-CE0C-4C36-9349-FBE00155CD80}.Debug|Any CPU.ActiveCfg = Debug|Any CPU
		{699A79B3-CE0C-4C36-9349-FBE00155CD80}.Debug|Any CPU.Build.0 = Debug|Any CPU
		{699A79B3-CE0C-4C36-9349-FBE00155CD80}.Release|Any CPU.ActiveCfg = Release|Any CPU
		{699A79B3-CE0C-4C36-9349-FBE00155CD80}.Release|Any CPU.Build.0 = Release|Any CPU
		{C16E0C90-9AC6-4A9A-AF5B-4579C91149F4}.Debug|Any CPU.ActiveCfg = Debug|Any CPU
		{C16E0C90-9AC6-4A9A-AF5B-4579C91149F4}.Debug|Any CPU.Build.0 = Debug|Any CPU
		{C16E0C90-9AC6-4A9A-AF5B-4579C91149F4}.Release|Any CPU.ActiveCfg = Release|Any CPU
		{C16E0C90-9AC6-4A9A-AF5B-4579C91149F4}.Release|Any CPU.Build.0 = Release|Any CPU
		{87FF624A-1C4E-41C1-B7F0-FCFC84D67358}.Debug|Any CPU.ActiveCfg = Debug|Any CPU
		{87FF624A-1C4E-41C1-B7F0-FCFC84D67358}.Debug|Any CPU.Build.0 = Debug|Any CPU
		{87FF624A-1C4E-41C1-B7F0-FCFC84D67358}.Release|Any CPU.ActiveCfg = Release|Any CPU
		{87FF624A-1C4E-41C1-B7F0-FCFC84D67358}.Release|Any CPU.Build.0 = Release|Any CPU
		{1D18FCA4-6936-46E6-A674-F188D4101B1A}.Debug|Any CPU.ActiveCfg = Debug|Any CPU
		{1D18FCA4-6936-46E6-A674-F188D4101B1A}.Debug|Any CPU.Build.0 = Debug|Any CPU
		{1D18FCA4-6936-46E6-A674-F188D4101B1A}.Release|Any CPU.ActiveCfg = Release|Any CPU
		{1D18FCA4-6936-46E6-A674-F188D4101B1A}.Release|Any CPU.Build.0 = Release|Any CPU
	EndGlobalSection
	GlobalSection(SolutionProperties) = preSolution
		HideSolutionNode = FALSE
	EndGlobalSection
	GlobalSection(ExtensibilityGlobals) = postSolution
		SolutionGuid = {FE80D3B5-B19C-4E78-97DB-332663A61901}
	EndGlobalSection
EndGlobal
